// !$*UTF8*$!
{
	archiveVersion = 1;
	classes = {
	};
	objectVersion = 48;
	objects = {

/* Begin PBXBuildFile section */
		9A304B961EF47B60000DE8DA /* future.cpp in Sources */ = {isa = PBXBuildFile; fileRef = 9ACCBBE71A971C8D00207431 /* future.cpp */; };
		9A304B981EF47B60000DE8DA /* once.cpp in Sources */ = {isa = PBXBuildFile; fileRef = 9ACCBBE91A971C8D00207431 /* once.cpp */; };
		9A304B991EF47B60000DE8DA /* thread.cpp in Sources */ = {isa = PBXBuildFile; fileRef = 9ACCBBEA1A971C8D00207431 /* thread.cpp */; };
		9A304B9A1EF47B60000DE8DA /* tss_null.cpp in Sources */ = {isa = PBXBuildFile; fileRef = 9ACCBBEC1A971C8D00207431 /* tss_null.cpp */; };
		9A304B9C1EF47B84000DE8DA /* error_code.cpp in Sources */ = {isa = PBXBuildFile; fileRef = 9ACCBBF21A971D0C00207431 /* error_code.cpp */; };
		9A50E51E1F45606B0010006C /* libadobe_source.a in Frameworks */ = {isa = PBXBuildFile; fileRef = 9A551F0619116E7E00C388E5 /* libadobe_source.a */; };
		9A50E5211F4560920010006C /* libadobe_source.a in Frameworks */ = {isa = PBXBuildFile; fileRef = 9A551F0619116E7E00C388E5 /* libadobe_source.a */; };
		9A729E001EEA524F0015B7EB /* scratch_test.m in Sources */ = {isa = PBXBuildFile; fileRef = 9A729DFF1EEA524F0015B7EB /* scratch_test.m */; };
		9ABE7AA6200EB8CA00CF93AE /* code.cpp in Sources */ = {isa = PBXBuildFile; fileRef = 9ABE7AA4200EB8CA00CF93AE /* code.cpp */; };
		9ACAF6151F8DDF1700F5C207 /* main.cpp in Sources */ = {isa = PBXBuildFile; fileRef = 9AAE19E116F81487007BC561 /* main.cpp */; };
		9ADF796C1F54DEA5002521B2 /* AppKit.framework in Frameworks */ = {isa = PBXBuildFile; fileRef = 9ADF796B1F54DEA5002521B2 /* AppKit.framework */; };
/* End PBXBuildFile section */

/* Begin PBXContainerItemProxy section */
		9A50E51A1F4560620010006C /* PBXContainerItemProxy */ = {
			isa = PBXContainerItemProxy;
			containerPortal = 9A551F0119116E7E00C388E5 /* adobe_source.xcodeproj */;
			proxyType = 1;
			remoteGlobalIDString = D2AAC045055464E500DB518D;
			remoteInfo = adobe_source;
		};
		9A50E51F1F45608B0010006C /* PBXContainerItemProxy */ = {
			isa = PBXContainerItemProxy;
			containerPortal = 9A551F0119116E7E00C388E5 /* adobe_source.xcodeproj */;
			proxyType = 1;
			remoteGlobalIDString = D2AAC045055464E500DB518D;
			remoteInfo = adobe_source;
		};
		9A551F0519116E7E00C388E5 /* PBXContainerItemProxy */ = {
			isa = PBXContainerItemProxy;
			containerPortal = 9A551F0119116E7E00C388E5 /* adobe_source.xcodeproj */;
			proxyType = 2;
			remoteGlobalIDString = D2AAC046055464E500DB518D;
			remoteInfo = adobe_source;
		};
		9A551F401911746600C388E5 /* PBXContainerItemProxy */ = {
			isa = PBXContainerItemProxy;
			containerPortal = 9A551F3C1911746500C388E5 /* double_conversion.xcodeproj */;
			proxyType = 2;
			remoteGlobalIDString = 9A551F0E191173EE00C388E5;
			remoteInfo = "double-conversion";
		};
/* End PBXContainerItemProxy section */

/* Begin PBXCopyFilesBuildPhase section */
		9AAE19DC16F81487007BC561 /* CopyFiles */ = {
			isa = PBXCopyFilesBuildPhase;
			buildActionMask = 2147483647;
			dstPath = /usr/share/man/man1/;
			dstSubfolderSpec = 0;
			files = (
			);
			runOnlyForDeploymentPostprocessing = 1;
		};
/* End PBXCopyFilesBuildPhase section */

/* Begin PBXFileReference section */
		9A209FCA192D67CA00BF00F4 /* time.cpp */ = {isa = PBXFileReference; fileEncoding = 4; lastKnownFileType = sourcecode.cpp.cpp; path = time.cpp; sourceTree = "<group>"; };
		9A47429E1F219B4A000C5929 /* future_recover_tests.cpp */ = {isa = PBXFileReference; fileEncoding = 4; lastKnownFileType = sourcecode.cpp.cpp; name = future_recover_tests.cpp; path = source/stlab/test/future_recover_tests.cpp; sourceTree = "<group>"; };
		9A4742B81F219E18000C5929 /* main.cpp */ = {isa = PBXFileReference; fileEncoding = 4; lastKnownFileType = sourcecode.cpp.cpp; name = main.cpp; path = source/stlab/test/main.cpp; sourceTree = "<group>"; };
		9A551F0119116E7E00C388E5 /* adobe_source.xcodeproj */ = {isa = PBXFileReference; lastKnownFileType = "wrapper.pb-project"; name = adobe_source.xcodeproj; path = ../../stlab/adobe_source_libraries/xcode_ide/adobe_source.xcodeproj; sourceTree = "<group>"; };
		9A551F3C1911746500C388E5 /* double_conversion.xcodeproj */ = {isa = PBXFileReference; lastKnownFileType = "wrapper.pb-project"; name = double_conversion.xcodeproj; path = ../../stlab/adobe_source_libraries/xcode_ide/double_conversion.xcodeproj; sourceTree = "<group>"; };
		9A5FF6261926B70C002D8208 /* LICENSE */ = {isa = PBXFileReference; lastKnownFileType = text; path = LICENSE; sourceTree = "<group>"; };
		9A5FF6271926B70C002D8208 /* README.TXT */ = {isa = PBXFileReference; lastKnownFileType = text; path = README.TXT; sourceTree = "<group>"; };
		9A665DFF191B3FE90002D949 /* object.cpp */ = {isa = PBXFileReference; lastKnownFileType = sourcecode.cpp.cpp; path = object.cpp; sourceTree = "<group>"; };
		9A665E00191B3FE90002D949 /* object_internal.h */ = {isa = PBXFileReference; lastKnownFileType = sourcecode.c.h; path = object_internal.h; sourceTree = "<group>"; };
		9A665E01191B3FE90002D949 /* queue.cpp */ = {isa = PBXFileReference; lastKnownFileType = sourcecode.cpp.cpp; path = queue.cpp; sourceTree = "<group>"; };
		9A729DF01EEA47C50015B7EB /* serial_queue_test.cpp */ = {isa = PBXFileReference; fileEncoding = 4; lastKnownFileType = sourcecode.cpp.cpp; name = serial_queue_test.cpp; path = ../source/stlab/test/serial_queue_test.cpp; sourceTree = "<group>"; };
		9A729DFD1EEA524E0015B7EB /* scratch-test.xctest */ = {isa = PBXFileReference; explicitFileType = wrapper.cfbundle; includeInIndex = 0; path = "scratch-test.xctest"; sourceTree = BUILT_PRODUCTS_DIR; };
		9A729DFF1EEA524F0015B7EB /* scratch_test.m */ = {isa = PBXFileReference; lastKnownFileType = sourcecode.c.objc; path = scratch_test.m; sourceTree = "<group>"; };
		9A729E011EEA524F0015B7EB /* Info.plist */ = {isa = PBXFileReference; lastKnownFileType = text.plist.xml; path = Info.plist; sourceTree = "<group>"; };
		9A97D6F61EF0D7E60058DF40 /* cow_test.cpp */ = {isa = PBXFileReference; fileEncoding = 4; lastKnownFileType = sourcecode.cpp.cpp; name = cow_test.cpp; path = ../../../stlab/adobe_source_libraries/test/unit_tests/copy_on_write/cow_test.cpp; sourceTree = "<group>"; };
		9A97D6F81EF0DDB00058DF40 /* compiler_log_formatter.cpp */ = {isa = PBXFileReference; fileEncoding = 4; lastKnownFileType = sourcecode.cpp.cpp; name = compiler_log_formatter.cpp; path = source/boost/test/src/compiler_log_formatter.cpp; sourceTree = "<group>"; };
		9A97D6F91EF0DDB00058DF40 /* cpp_main.cpp */ = {isa = PBXFileReference; fileEncoding = 4; lastKnownFileType = sourcecode.cpp.cpp; name = cpp_main.cpp; path = source/boost/test/src/cpp_main.cpp; sourceTree = "<group>"; };
		9A97D6FA1EF0DDB00058DF40 /* debug.cpp */ = {isa = PBXFileReference; fileEncoding = 4; lastKnownFileType = sourcecode.cpp.cpp; name = debug.cpp; path = source/boost/test/src/debug.cpp; sourceTree = "<group>"; };
		9A97D6FB1EF0DDB00058DF40 /* decorator.cpp */ = {isa = PBXFileReference; fileEncoding = 4; lastKnownFileType = sourcecode.cpp.cpp; name = decorator.cpp; path = source/boost/test/src/decorator.cpp; sourceTree = "<group>"; };
		9A97D6FC1EF0DDB00058DF40 /* execution_monitor.cpp */ = {isa = PBXFileReference; fileEncoding = 4; lastKnownFileType = sourcecode.cpp.cpp; name = execution_monitor.cpp; path = source/boost/test/src/execution_monitor.cpp; sourceTree = "<group>"; };
		9A97D6FD1EF0DDB00058DF40 /* framework.cpp */ = {isa = PBXFileReference; fileEncoding = 4; lastKnownFileType = sourcecode.cpp.cpp; name = framework.cpp; path = source/boost/test/src/framework.cpp; sourceTree = "<group>"; };
		9A97D6FE1EF0DDB00058DF40 /* junit_log_formatter.cpp */ = {isa = PBXFileReference; fileEncoding = 4; lastKnownFileType = sourcecode.cpp.cpp; name = junit_log_formatter.cpp; path = source/boost/test/src/junit_log_formatter.cpp; sourceTree = "<group>"; };
		9A97D6FF1EF0DDB00058DF40 /* plain_report_formatter.cpp */ = {isa = PBXFileReference; fileEncoding = 4; lastKnownFileType = sourcecode.cpp.cpp; name = plain_report_formatter.cpp; path = source/boost/test/src/plain_report_formatter.cpp; sourceTree = "<group>"; };
		9A97D7001EF0DDB00058DF40 /* progress_monitor.cpp */ = {isa = PBXFileReference; fileEncoding = 4; lastKnownFileType = sourcecode.cpp.cpp; name = progress_monitor.cpp; path = source/boost/test/src/progress_monitor.cpp; sourceTree = "<group>"; };
		9A97D7011EF0DDB00058DF40 /* results_collector.cpp */ = {isa = PBXFileReference; fileEncoding = 4; lastKnownFileType = sourcecode.cpp.cpp; name = results_collector.cpp; path = source/boost/test/src/results_collector.cpp; sourceTree = "<group>"; };
		9A97D7021EF0DDB00058DF40 /* results_reporter.cpp */ = {isa = PBXFileReference; fileEncoding = 4; lastKnownFileType = sourcecode.cpp.cpp; name = results_reporter.cpp; path = source/boost/test/src/results_reporter.cpp; sourceTree = "<group>"; };
		9A97D7031EF0DDB00058DF40 /* test_main.cpp */ = {isa = PBXFileReference; fileEncoding = 4; lastKnownFileType = sourcecode.cpp.cpp; name = test_main.cpp; path = source/boost/test/src/test_main.cpp; sourceTree = "<group>"; };
		9A97D7041EF0DDB00058DF40 /* test_tools.cpp */ = {isa = PBXFileReference; fileEncoding = 4; lastKnownFileType = sourcecode.cpp.cpp; name = test_tools.cpp; path = source/boost/test/src/test_tools.cpp; sourceTree = "<group>"; };
		9A97D7051EF0DDB00058DF40 /* test_tree.cpp */ = {isa = PBXFileReference; fileEncoding = 4; lastKnownFileType = sourcecode.cpp.cpp; name = test_tree.cpp; path = source/boost/test/src/test_tree.cpp; sourceTree = "<group>"; };
		9A97D7061EF0DDB00058DF40 /* unit_test_log.cpp */ = {isa = PBXFileReference; fileEncoding = 4; lastKnownFileType = sourcecode.cpp.cpp; name = unit_test_log.cpp; path = source/boost/test/src/unit_test_log.cpp; sourceTree = "<group>"; };
		9A97D7071EF0DDB00058DF40 /* unit_test_main.cpp */ = {isa = PBXFileReference; fileEncoding = 4; lastKnownFileType = sourcecode.cpp.cpp; name = unit_test_main.cpp; path = source/boost/test/src/unit_test_main.cpp; sourceTree = "<group>"; };
		9A97D7081EF0DDB00058DF40 /* unit_test_monitor.cpp */ = {isa = PBXFileReference; fileEncoding = 4; lastKnownFileType = sourcecode.cpp.cpp; name = unit_test_monitor.cpp; path = source/boost/test/src/unit_test_monitor.cpp; sourceTree = "<group>"; };
		9A97D7091EF0DDB00058DF40 /* unit_test_parameters.cpp */ = {isa = PBXFileReference; fileEncoding = 4; lastKnownFileType = sourcecode.cpp.cpp; name = unit_test_parameters.cpp; path = source/boost/test/src/unit_test_parameters.cpp; sourceTree = "<group>"; };
		9A97D70A1EF0DDB00058DF40 /* xml_log_formatter.cpp */ = {isa = PBXFileReference; fileEncoding = 4; lastKnownFileType = sourcecode.cpp.cpp; name = xml_log_formatter.cpp; path = source/boost/test/src/xml_log_formatter.cpp; sourceTree = "<group>"; };
		9A97D70B1EF0DDB00058DF40 /* xml_report_formatter.cpp */ = {isa = PBXFileReference; fileEncoding = 4; lastKnownFileType = sourcecode.cpp.cpp; name = xml_report_formatter.cpp; path = source/boost/test/src/xml_report_formatter.cpp; sourceTree = "<group>"; };
		9AAA412E1EF86F260080B415 /* experimental_channel.cpp */ = {isa = PBXFileReference; fileEncoding = 4; lastKnownFileType = sourcecode.cpp.cpp; name = experimental_channel.cpp; path = source/experimental_channel.cpp; sourceTree = "<group>"; };
		9AAE19DE16F81487007BC561 /* scratch */ = {isa = PBXFileReference; explicitFileType = "compiled.mach-o.executable"; includeInIndex = 0; path = scratch; sourceTree = BUILT_PRODUCTS_DIR; };
		9AAE19E116F81487007BC561 /* main.cpp */ = {isa = PBXFileReference; lastKnownFileType = sourcecode.cpp.cpp; path = main.cpp; sourceTree = "<group>"; };
		9ABA64E81A05A77700E6E8E6 /* View.xib */ = {isa = PBXFileReference; lastKnownFileType = file.xib; path = View.xib; sourceTree = "<group>"; };
		9ABAFE9F18D1696A00652166 /* objc.mm */ = {isa = PBXFileReference; fileEncoding = 4; lastKnownFileType = sourcecode.cpp.objcpp; path = objc.mm; sourceTree = "<group>"; };
		9ABE7AA4200EB8CA00CF93AE /* code.cpp */ = {isa = PBXFileReference; fileEncoding = 4; lastKnownFileType = sourcecode.cpp.cpp; path = code.cpp; sourceTree = "<group>"; };
		9ABE7AA7200EB8EC00CF93AE /* header.hpp */ = {isa = PBXFileReference; lastKnownFileType = sourcecode.cpp.h; path = header.hpp; sourceTree = "<group>"; };
		9ACCBBE31A971B3D00207431 /* source */ = {isa = PBXFileReference; lastKnownFileType = folder; path = source; sourceTree = "<group>"; };
		9ACCBBE41A971B9800207431 /* config.hpp */ = {isa = PBXFileReference; lastKnownFileType = sourcecode.cpp.h; name = config.hpp; path = ../config.hpp; sourceTree = "<group>"; };
		9ACCBBE71A971C8D00207431 /* future.cpp */ = {isa = PBXFileReference; fileEncoding = 4; lastKnownFileType = sourcecode.cpp.cpp; name = future.cpp; path = source/boost/thread/src/future.cpp; sourceTree = "<group>"; };
		9ACCBBE91A971C8D00207431 /* once.cpp */ = {isa = PBXFileReference; fileEncoding = 4; lastKnownFileType = sourcecode.cpp.cpp; name = once.cpp; path = source/boost/thread/src/pthread/once.cpp; sourceTree = "<group>"; };
		9ACCBBEA1A971C8D00207431 /* thread.cpp */ = {isa = PBXFileReference; fileEncoding = 4; lastKnownFileType = sourcecode.cpp.cpp; name = thread.cpp; path = source/boost/thread/src/pthread/thread.cpp; sourceTree = "<group>"; };
		9ACCBBEC1A971C8D00207431 /* tss_null.cpp */ = {isa = PBXFileReference; fileEncoding = 4; lastKnownFileType = sourcecode.cpp.cpp; name = tss_null.cpp; path = source/boost/thread/src/tss_null.cpp; sourceTree = "<group>"; };
		9ACCBBF21A971D0C00207431 /* error_code.cpp */ = {isa = PBXFileReference; fileEncoding = 4; lastKnownFileType = sourcecode.cpp.cpp; name = error_code.cpp; path = source/boost/system/src/error_code.cpp; sourceTree = "<group>"; };
		9ADF79691F54DCD6002521B2 /* main.hpp */ = {isa = PBXFileReference; lastKnownFileType = sourcecode.cpp.h; path = main.hpp; sourceTree = "<group>"; };
		9ADF796B1F54DEA5002521B2 /* AppKit.framework */ = {isa = PBXFileReference; lastKnownFileType = wrapper.framework; name = AppKit.framework; path = System/Library/Frameworks/AppKit.framework; sourceTree = SDKROOT; };
		9AE077F0184D3DC3008C8DB6 /* includes */ = {isa = PBXFileReference; lastKnownFileType = folder; path = includes; sourceTree = "<group>"; };
/* End PBXFileReference section */

/* Begin PBXFrameworksBuildPhase section */
		9A729DFA1EEA524E0015B7EB /* Frameworks */ = {
			isa = PBXFrameworksBuildPhase;
			buildActionMask = 2147483647;
			files = (
				9A50E51E1F45606B0010006C /* libadobe_source.a in Frameworks */,
			);
			runOnlyForDeploymentPostprocessing = 0;
		};
		9AAE19DB16F81487007BC561 /* Frameworks */ = {
			isa = PBXFrameworksBuildPhase;
			buildActionMask = 2147483647;
			files = (
				9ADF796C1F54DEA5002521B2 /* AppKit.framework in Frameworks */,
				9A50E5211F4560920010006C /* libadobe_source.a in Frameworks */,
			);
			runOnlyForDeploymentPostprocessing = 0;
		};
/* End PBXFrameworksBuildPhase section */

/* Begin PBXGroup section */
		9A304B951EF47B2C000DE8DA /* boost_thread */ = {
			isa = PBXGroup;
			children = (
				9ACCBBE71A971C8D00207431 /* future.cpp */,
				9ACCBBE91A971C8D00207431 /* once.cpp */,
				9ACCBBEA1A971C8D00207431 /* thread.cpp */,
				9ACCBBEC1A971C8D00207431 /* tss_null.cpp */,
			);
			name = boost_thread;
			sourceTree = "<group>";
		};
		9A304B9B1EF47B74000DE8DA /* boost_system */ = {
			isa = PBXGroup;
			children = (
				9ACCBBF21A971D0C00207431 /* error_code.cpp */,
			);
			name = boost_system;
			sourceTree = "<group>";
		};
		9A4742B71F219C2B000C5929 /* boost_test */ = {
			isa = PBXGroup;
			children = (
				9A97D6F81EF0DDB00058DF40 /* compiler_log_formatter.cpp */,
				9A97D6F91EF0DDB00058DF40 /* cpp_main.cpp */,
				9A97D6FA1EF0DDB00058DF40 /* debug.cpp */,
				9A97D6FB1EF0DDB00058DF40 /* decorator.cpp */,
				9A97D6FC1EF0DDB00058DF40 /* execution_monitor.cpp */,
				9A97D6FD1EF0DDB00058DF40 /* framework.cpp */,
				9A97D6FE1EF0DDB00058DF40 /* junit_log_formatter.cpp */,
				9A97D6FF1EF0DDB00058DF40 /* plain_report_formatter.cpp */,
				9A97D7001EF0DDB00058DF40 /* progress_monitor.cpp */,
				9A97D7011EF0DDB00058DF40 /* results_collector.cpp */,
				9A97D7021EF0DDB00058DF40 /* results_reporter.cpp */,
				9A97D7031EF0DDB00058DF40 /* test_main.cpp */,
				9A97D7041EF0DDB00058DF40 /* test_tools.cpp */,
				9A97D7051EF0DDB00058DF40 /* test_tree.cpp */,
				9A97D7061EF0DDB00058DF40 /* unit_test_log.cpp */,
				9A97D7071EF0DDB00058DF40 /* unit_test_main.cpp */,
				9A97D7081EF0DDB00058DF40 /* unit_test_monitor.cpp */,
				9A97D7091EF0DDB00058DF40 /* unit_test_parameters.cpp */,
				9A97D70A1EF0DDB00058DF40 /* xml_log_formatter.cpp */,
				9A97D70B1EF0DDB00058DF40 /* xml_report_formatter.cpp */,
			);
			name = boost_test;
			sourceTree = "<group>";
		};
		9A551F0219116E7E00C388E5 /* Products */ = {
			isa = PBXGroup;
			children = (
				9A551F0619116E7E00C388E5 /* libadobe_source.a */,
			);
			name = Products;
			sourceTree = "<group>";
		};
		9A551F3D1911746500C388E5 /* Products */ = {
			isa = PBXGroup;
			children = (
				9A551F411911746600C388E5 /* libdouble-conversion.a */,
			);
			name = Products;
			sourceTree = "<group>";
		};
		9A5FF61F1926B70C002D8208 /* libdispatch */ = {
			isa = PBXGroup;
			children = (
				9A665DFE191B3FE80002D949 /* src */,
				9A5FF6261926B70C002D8208 /* LICENSE */,
				9A5FF6271926B70C002D8208 /* README.TXT */,
			);
			name = libdispatch;
			path = ../../../git.corp.adobe.com/sparent/ic_chrome/camera_raw_9_0/camera_raw/libdispatch;
			sourceTree = "<group>";
		};
		9A665DFE191B3FE80002D949 /* src */ = {
			isa = PBXGroup;
			children = (
				9A665DFF191B3FE90002D949 /* object.cpp */,
				9A665E00191B3FE90002D949 /* object_internal.h */,
				9A665E01191B3FE90002D949 /* queue.cpp */,
				9A209FCA192D67CA00BF00F4 /* time.cpp */,
			);
			path = src;
			sourceTree = "<group>";
		};
		9A729DFE1EEA524E0015B7EB /* scratch-test */ = {
			isa = PBXGroup;
			children = (
				9A729DFF1EEA524F0015B7EB /* scratch_test.m */,
				9A729E011EEA524F0015B7EB /* Info.plist */,
			);
			path = "scratch-test";
			sourceTree = "<group>";
		};
		9AAE19D516F81487007BC561 = {
			isa = PBXGroup;
			children = (
				9AAA412E1EF86F260080B415 /* experimental_channel.cpp */,
				9A47429E1F219B4A000C5929 /* future_recover_tests.cpp */,
				9A4742B81F219E18000C5929 /* main.cpp */,
				9A5FF61F1926B70C002D8208 /* libdispatch */,
				9A551F3C1911746500C388E5 /* double_conversion.xcodeproj */,
				9A551F0119116E7E00C388E5 /* adobe_source.xcodeproj */,
				9AAE19E016F81487007BC561 /* scratch */,
				9ACCBBE51A971C7B00207431 /* src */,
				9ACCBBE31A971B3D00207431 /* source */,
				9AE077F0184D3DC3008C8DB6 /* includes */,
				9A729DFE1EEA524E0015B7EB /* scratch-test */,
				9AAE19DF16F81487007BC561 /* Products */,
				9ADF796A1F54DEA5002521B2 /* Frameworks */,
			);
			sourceTree = "<group>";
		};
		9AAE19DF16F81487007BC561 /* Products */ = {
			isa = PBXGroup;
			children = (
				9AAE19DE16F81487007BC561 /* scratch */,
				9A729DFD1EEA524E0015B7EB /* scratch-test.xctest */,
			);
			name = Products;
			sourceTree = "<group>";
		};
		9AAE19E016F81487007BC561 /* scratch */ = {
			isa = PBXGroup;
			children = (
				9ABE7AA4200EB8CA00CF93AE /* code.cpp */,
				9ACCBBE41A971B9800207431 /* config.hpp */,
				9A97D6F61EF0D7E60058DF40 /* cow_test.cpp */,
				9ABE7AA7200EB8EC00CF93AE /* header.hpp */,
				9AAE19E116F81487007BC561 /* main.cpp */,
				9ADF79691F54DCD6002521B2 /* main.hpp */,
				9ABAFE9F18D1696A00652166 /* objc.mm */,
				9A729DF01EEA47C50015B7EB /* serial_queue_test.cpp */,
				9ABA64E81A05A77700E6E8E6 /* View.xib */,
			);
			path = scratch;
			sourceTree = "<group>";
		};
		9ACCBBE51A971C7B00207431 /* src */ = {
			isa = PBXGroup;
			children = (
				9A304B9B1EF47B74000DE8DA /* boost_system */,
				9A304B951EF47B2C000DE8DA /* boost_thread */,
				9A4742B71F219C2B000C5929 /* boost_test */,
			);
			name = src;
			sourceTree = "<group>";
		};
		9ADF796A1F54DEA5002521B2 /* Frameworks */ = {
			isa = PBXGroup;
			children = (
				9ADF796B1F54DEA5002521B2 /* AppKit.framework */,
			);
			name = Frameworks;
			sourceTree = "<group>";
		};
/* End PBXGroup section */

/* Begin PBXNativeTarget section */
		9A729DFC1EEA524E0015B7EB /* scratch-test */ = {
			isa = PBXNativeTarget;
			buildConfigurationList = 9A729E061EEA524F0015B7EB /* Build configuration list for PBXNativeTarget "scratch-test" */;
			buildPhases = (
				9A729DF91EEA524E0015B7EB /* Sources */,
				9A729DFA1EEA524E0015B7EB /* Frameworks */,
				9A729DFB1EEA524E0015B7EB /* Resources */,
			);
			buildRules = (
			);
			dependencies = (
				9A50E51B1F4560620010006C /* PBXTargetDependency */,
			);
			name = "scratch-test";
			productName = "scratch-test";
			productReference = 9A729DFD1EEA524E0015B7EB /* scratch-test.xctest */;
			productType = "com.apple.product-type.bundle.unit-test";
		};
		9AAE19DD16F81487007BC561 /* scratch */ = {
			isa = PBXNativeTarget;
			buildConfigurationList = 9AAE19E716F81487007BC561 /* Build configuration list for PBXNativeTarget "scratch" */;
			buildPhases = (
				9AAE19DA16F81487007BC561 /* Sources */,
				9AAE19DB16F81487007BC561 /* Frameworks */,
				9AAE19DC16F81487007BC561 /* CopyFiles */,
			);
			buildRules = (
			);
			dependencies = (
				9A50E5201F45608B0010006C /* PBXTargetDependency */,
			);
			name = scratch;
			productName = scratch;
			productReference = 9AAE19DE16F81487007BC561 /* scratch */;
			productType = "com.apple.product-type.tool";
		};
/* End PBXNativeTarget section */

/* Begin PBXProject section */
		9AAE19D616F81487007BC561 /* Project object */ = {
			isa = PBXProject;
			attributes = {
				LastUpgradeCheck = 0900;
				ORGANIZATIONNAME = stlab;
				TargetAttributes = {
					9A729DFC1EEA524E0015B7EB = {
						CreatedOnToolsVersion = 8.3.3;
						ProvisioningStyle = Automatic;
					};
				};
			};
			buildConfigurationList = 9AAE19D916F81487007BC561 /* Build configuration list for PBXProject "scratch" */;
			compatibilityVersion = "Xcode 8.0";
			developmentRegion = English;
			hasScannedForEncodings = 0;
			knownRegions = (
				en,
			);
			mainGroup = 9AAE19D516F81487007BC561;
			productRefGroup = 9AAE19DF16F81487007BC561 /* Products */;
			projectDirPath = "";
			projectReferences = (
				{
					ProductGroup = 9A551F0219116E7E00C388E5 /* Products */;
					ProjectRef = 9A551F0119116E7E00C388E5 /* adobe_source.xcodeproj */;
				},
				{
					ProductGroup = 9A551F3D1911746500C388E5 /* Products */;
					ProjectRef = 9A551F3C1911746500C388E5 /* double_conversion.xcodeproj */;
				},
			);
			projectRoot = "";
			targets = (
				9AAE19DD16F81487007BC561 /* scratch */,
				9A729DFC1EEA524E0015B7EB /* scratch-test */,
			);
		};
/* End PBXProject section */

/* Begin PBXReferenceProxy section */
		9A551F0619116E7E00C388E5 /* libadobe_source.a */ = {
			isa = PBXReferenceProxy;
			fileType = archive.ar;
			path = libadobe_source.a;
			remoteRef = 9A551F0519116E7E00C388E5 /* PBXContainerItemProxy */;
			sourceTree = BUILT_PRODUCTS_DIR;
		};
		9A551F411911746600C388E5 /* libdouble-conversion.a */ = {
			isa = PBXReferenceProxy;
			fileType = archive.ar;
			path = "libdouble-conversion.a";
			remoteRef = 9A551F401911746600C388E5 /* PBXContainerItemProxy */;
			sourceTree = BUILT_PRODUCTS_DIR;
		};
/* End PBXReferenceProxy section */

/* Begin PBXResourcesBuildPhase section */
		9A729DFB1EEA524E0015B7EB /* Resources */ = {
			isa = PBXResourcesBuildPhase;
			buildActionMask = 2147483647;
			files = (
			);
			runOnlyForDeploymentPostprocessing = 0;
		};
/* End PBXResourcesBuildPhase section */

/* Begin PBXSourcesBuildPhase section */
		9A729DF91EEA524E0015B7EB /* Sources */ = {
			isa = PBXSourcesBuildPhase;
			buildActionMask = 2147483647;
			files = (
				9A729E001EEA524F0015B7EB /* scratch_test.m in Sources */,
			);
			runOnlyForDeploymentPostprocessing = 0;
		};
		9AAE19DA16F81487007BC561 /* Sources */ = {
			isa = PBXSourcesBuildPhase;
			buildActionMask = 2147483647;
			files = (
				9A304B961EF47B60000DE8DA /* future.cpp in Sources */,
				9A304B981EF47B60000DE8DA /* once.cpp in Sources */,
				9A304B9C1EF47B84000DE8DA /* error_code.cpp in Sources */,
				9ACAF6151F8DDF1700F5C207 /* main.cpp in Sources */,
				9A304B9A1EF47B60000DE8DA /* tss_null.cpp in Sources */,
				9A304B991EF47B60000DE8DA /* thread.cpp in Sources */,
				9ABE7AA6200EB8CA00CF93AE /* code.cpp in Sources */,
			);
			runOnlyForDeploymentPostprocessing = 0;
		};
/* End PBXSourcesBuildPhase section */

/* Begin PBXTargetDependency section */
		9A50E51B1F4560620010006C /* PBXTargetDependency */ = {
			isa = PBXTargetDependency;
			name = adobe_source;
			targetProxy = 9A50E51A1F4560620010006C /* PBXContainerItemProxy */;
		};
		9A50E5201F45608B0010006C /* PBXTargetDependency */ = {
			isa = PBXTargetDependency;
			name = adobe_source;
			targetProxy = 9A50E51F1F45608B0010006C /* PBXContainerItemProxy */;
		};
/* End PBXTargetDependency section */

/* Begin XCBuildConfiguration section */
		9A729E021EEA524F0015B7EB /* Debug */ = {
			isa = XCBuildConfiguration;
			buildSettings = {
				CLANG_ANALYZER_NONNULL = YES;
				CLANG_ANALYZER_NUMBER_OBJECT_CONVERSION = YES_AGGRESSIVE;
				CLANG_ENABLE_MODULES = YES;
				CLANG_WARN_DIRECT_OBJC_ISA_USAGE = YES_ERROR;
				CLANG_WARN_DOCUMENTATION_COMMENTS = YES;
				CLANG_WARN_OBJC_ROOT_CLASS = YES_ERROR;
				CODE_SIGN_IDENTITY = "-";
				COMBINE_HIDPI_IMAGES = YES;
				DEBUG_INFORMATION_FORMAT = dwarf;
				GCC_WARN_ABOUT_RETURN_TYPE = YES_ERROR;
				GCC_WARN_UNINITIALIZED_AUTOS = YES_AGGRESSIVE;
				INFOPLIST_FILE = "scratch-test/Info.plist";
				LD_RUNPATH_SEARCH_PATHS = "$(inherited) @executable_path/../Frameworks @loader_path/../Frameworks";
				MACOSX_DEPLOYMENT_TARGET = 10.12;
				MTL_ENABLE_DEBUG_INFO = YES;
				PRODUCT_BUNDLE_IDENTIFIER = "cc.stlab.scratch-test";
				PRODUCT_NAME = "$(TARGET_NAME)";
			};
			name = Debug;
		};
		9A729E031EEA524F0015B7EB /* Release */ = {
			isa = XCBuildConfiguration;
			buildSettings = {
				CLANG_ANALYZER_NONNULL = YES;
				CLANG_ANALYZER_NUMBER_OBJECT_CONVERSION = YES_AGGRESSIVE;
				CLANG_ENABLE_MODULES = YES;
				CLANG_WARN_DIRECT_OBJC_ISA_USAGE = YES_ERROR;
				CLANG_WARN_DOCUMENTATION_COMMENTS = YES;
				CLANG_WARN_OBJC_ROOT_CLASS = YES_ERROR;
				CODE_SIGN_IDENTITY = "-";
				COMBINE_HIDPI_IMAGES = YES;
				COPY_PHASE_STRIP = NO;
				ENABLE_NS_ASSERTIONS = NO;
				GCC_WARN_ABOUT_RETURN_TYPE = YES_ERROR;
				GCC_WARN_UNINITIALIZED_AUTOS = YES_AGGRESSIVE;
				INFOPLIST_FILE = "scratch-test/Info.plist";
				LD_RUNPATH_SEARCH_PATHS = "$(inherited) @executable_path/../Frameworks @loader_path/../Frameworks";
				MACOSX_DEPLOYMENT_TARGET = 10.12;
				MTL_ENABLE_DEBUG_INFO = NO;
				PRODUCT_BUNDLE_IDENTIFIER = "cc.stlab.scratch-test";
				PRODUCT_NAME = "$(TARGET_NAME)";
			};
			name = Release;
		};
		9AAE19E516F81487007BC561 /* Debug */ = {
			isa = XCBuildConfiguration;
			buildSettings = {
				ALWAYS_SEARCH_USER_PATHS = NO;
				CLANG_CXX_LANGUAGE_STANDARD = "c++17";
				CLANG_CXX_LIBRARY = "libc++";
				CLANG_ENABLE_OBJC_ARC = YES;
				CLANG_WARN_BLOCK_CAPTURE_AUTORELEASING = YES;
				CLANG_WARN_BOOL_CONVERSION = YES;
				CLANG_WARN_COMMA = YES;
				CLANG_WARN_CONSTANT_CONVERSION = YES;
				CLANG_WARN_EMPTY_BODY = YES;
				CLANG_WARN_ENUM_CONVERSION = YES;
				CLANG_WARN_INFINITE_RECURSION = YES;
				CLANG_WARN_INT_CONVERSION = YES;
				CLANG_WARN_NON_LITERAL_NULL_CONVERSION = YES;
				CLANG_WARN_OBJC_LITERAL_CONVERSION = YES;
				CLANG_WARN_RANGE_LOOP_ANALYSIS = YES;
				CLANG_WARN_STRICT_PROTOTYPES = YES;
				CLANG_WARN_SUSPICIOUS_MOVE = YES;
				CLANG_WARN_UNREACHABLE_CODE = YES;
				CLANG_WARN__DUPLICATE_METHOD_MATCH = YES;
				COPY_PHASE_STRIP = NO;
				ENABLE_STRICT_OBJC_MSGSEND = YES;
				ENABLE_TESTABILITY = YES;
				GCC_C_LANGUAGE_STANDARD = c11;
				GCC_DYNAMIC_NO_PIC = NO;
				GCC_ENABLE_OBJC_EXCEPTIONS = YES;
				GCC_NO_COMMON_BLOCKS = YES;
				GCC_OPTIMIZATION_LEVEL = 0;
				GCC_PREPROCESSOR_DEFINITIONS = (
					"DEBUG=1",
					"$(inherited)",
				);
				GCC_SYMBOLS_PRIVATE_EXTERN = NO;
				GCC_WARN_64_TO_32_BIT_CONVERSION = YES;
				GCC_WARN_ABOUT_RETURN_TYPE = YES;
				GCC_WARN_UNDECLARED_SELECTOR = YES;
				GCC_WARN_UNINITIALIZED_AUTOS = YES;
				GCC_WARN_UNUSED_FUNCTION = YES;
				GCC_WARN_UNUSED_VARIABLE = YES;
				HEADER_SEARCH_PATHS = "\"$(SRCROOT)/includes\"";
				MACOSX_DEPLOYMENT_TARGET = 10.12;
				ONLY_ACTIVE_ARCH = YES;
				OTHER_CPLUSPLUSFLAGS = (
					"$(OTHER_CFLAGS)",
					"-fcoroutines-ts",
				);
				SDKROOT = macosx;
				VALID_ARCHS = x86_64;
			};
			name = Debug;
		};
		9AAE19E616F81487007BC561 /* Release */ = {
			isa = XCBuildConfiguration;
			buildSettings = {
				ALWAYS_SEARCH_USER_PATHS = NO;
				CLANG_CXX_LANGUAGE_STANDARD = "c++17";
				CLANG_CXX_LIBRARY = "libc++";
				CLANG_ENABLE_OBJC_ARC = YES;
				CLANG_WARN_BLOCK_CAPTURE_AUTORELEASING = YES;
				CLANG_WARN_BOOL_CONVERSION = YES;
				CLANG_WARN_COMMA = YES;
				CLANG_WARN_CONSTANT_CONVERSION = YES;
				CLANG_WARN_EMPTY_BODY = YES;
				CLANG_WARN_ENUM_CONVERSION = YES;
				CLANG_WARN_INFINITE_RECURSION = YES;
				CLANG_WARN_INT_CONVERSION = YES;
				CLANG_WARN_NON_LITERAL_NULL_CONVERSION = YES;
				CLANG_WARN_OBJC_LITERAL_CONVERSION = YES;
				CLANG_WARN_RANGE_LOOP_ANALYSIS = YES;
				CLANG_WARN_STRICT_PROTOTYPES = YES;
				CLANG_WARN_SUSPICIOUS_MOVE = YES;
				CLANG_WARN_UNREACHABLE_CODE = YES;
				CLANG_WARN__DUPLICATE_METHOD_MATCH = YES;
				COPY_PHASE_STRIP = YES;
				DEBUG_INFORMATION_FORMAT = "dwarf-with-dsym";
				ENABLE_STRICT_OBJC_MSGSEND = YES;
				GCC_C_LANGUAGE_STANDARD = c11;
				GCC_ENABLE_OBJC_EXCEPTIONS = YES;
				GCC_NO_COMMON_BLOCKS = YES;
				GCC_WARN_64_TO_32_BIT_CONVERSION = YES;
				GCC_WARN_ABOUT_RETURN_TYPE = YES;
				GCC_WARN_UNDECLARED_SELECTOR = YES;
				GCC_WARN_UNINITIALIZED_AUTOS = YES;
				GCC_WARN_UNUSED_FUNCTION = YES;
				GCC_WARN_UNUSED_VARIABLE = YES;
				HEADER_SEARCH_PATHS = "\"$(SRCROOT)/includes\"";
				MACOSX_DEPLOYMENT_TARGET = 10.12;
				OTHER_CPLUSPLUSFLAGS = (
					"$(OTHER_CFLAGS)",
					"-fcoroutines-ts",
				);
				SDKROOT = macosx;
				VALID_ARCHS = x86_64;
			};
			name = Release;
		};
		9AAE19E816F81487007BC561 /* Debug */ = {
			isa = XCBuildConfiguration;
			buildSettings = {
				ALWAYS_SEARCH_USER_PATHS = YES;
				FRAMEWORK_SEARCH_PATHS = "$(inherited)";
				GCC_PREFIX_HEADER = config.hpp;
				GCC_WARN_PEDANTIC = YES;
				LIBRARY_SEARCH_PATHS = (
					"$(inherited)",
					"$(SDKROOT)/usr/lib/system/introspection",
					"$(SDKROOT)/usr/lib/system",
				);
				OTHER_CFLAGS = "";
				OTHER_CPLUSPLUSFLAGS = (
					"$(OTHER_CFLAGS)",
					"-ftemplate-backtrace-limit=0",
					"-Xclang",
					"-analyzer-checker",
					"-Xclang",
					debug.ExprInspection,
				);
				PRODUCT_NAME = "$(TARGET_NAME)";
				USER_HEADER_SEARCH_PATHS = "\"$(SRCROOT)/includes\"";
				VALID_ARCHS = x86_64;
			};
			name = Debug;
		};
		9AAE19E916F81487007BC561 /* Release */ = {
			isa = XCBuildConfiguration;
			buildSettings = {
				ALWAYS_SEARCH_USER_PATHS = YES;
				FRAMEWORK_SEARCH_PATHS = "$(inherited)";
				GCC_OPTIMIZATION_LEVEL = 3;
				GCC_PREFIX_HEADER = config.hpp;
				GCC_WARN_PEDANTIC = YES;
				LIBRARY_SEARCH_PATHS = (
					"$(inherited)",
					"$(SDKROOT)/usr/lib/system/introspection",
					"$(SDKROOT)/usr/lib/system",
				);
				LLVM_LTO = YES;
				OTHER_CFLAGS = "";
				OTHER_CPLUSPLUSFLAGS = (
					"$(OTHER_CFLAGS)",
					"-ftemplate-backtrace-limit=0",
					"-Xclang",
					"-analyzer-checker",
					"-Xclang",
					debug.ExprInspection,
				);
				PRODUCT_NAME = "$(TARGET_NAME)";
				USER_HEADER_SEARCH_PATHS = "\"$(SRCROOT)/includes\"";
				VALID_ARCHS = x86_64;
			};
			name = Release;
		};
/* End XCBuildConfiguration section */

/* Begin XCConfigurationList section */
		9A729E061EEA524F0015B7EB /* Build configuration list for PBXNativeTarget "scratch-test" */ = {
			isa = XCConfigurationList;
			buildConfigurations = (
				9A729E021EEA524F0015B7EB /* Debug */,
				9A729E031EEA524F0015B7EB /* Release */,
			);
			defaultConfigurationIsVisible = 0;
			defaultConfigurationName = Release;
		};
		9AAE19D916F81487007BC561 /* Build configuration list for PBXProject "scratch" */ = {
			isa = XCConfigurationList;
			buildConfigurations = (
				9AAE19E516F81487007BC561 /* Debug */,
				9AAE19E616F81487007BC561 /* Release */,
			);
			defaultConfigurationIsVisible = 0;
			defaultConfigurationName = Release;
		};
		9AAE19E716F81487007BC561 /* Build configuration list for PBXNativeTarget "scratch" */ = {
			isa = XCConfigurationList;
			buildConfigurations = (
				9AAE19E816F81487007BC561 /* Debug */,
				9AAE19E916F81487007BC561 /* Release */,
			);
			defaultConfigurationIsVisible = 0;
			defaultConfigurationName = Release;
		};
/* End XCConfigurationList section */
	};
	rootObject = 9AAE19D616F81487007BC561 /* Project object */;
}
