// !$*UTF8*$!
{
	archiveVersion = 1;
	classes = {
	};
	objectVersion = 46;
	objects = {

/* Begin PBXBuildFile section */
		9A97A5D21D99AB11000DE445 /* future.cpp in Sources */ = {isa = PBXBuildFile; fileRef = 9A97A5D11D99AB11000DE445 /* future.cpp */; };
		9AA9F04F1E2847ED00DD67D5 /* error_code.cpp in Sources */ = {isa = PBXBuildFile; fileRef = 9ACCBBF21A971D0C00207431 /* error_code.cpp */; };
		9AAE19E416F81487007BC561 /* scratch.1 in CopyFiles */ = {isa = PBXBuildFile; fileRef = 9AAE19E316F81487007BC561 /* scratch.1 */; };
		9AAFC9C31DCD95E200B0A851 /* teststatic.framework in Frameworks */ = {isa = PBXBuildFile; fileRef = 9AAFC9C21DCD95E100B0A851 /* teststatic.framework */; };
		9AEAFCB51B1530F800FF6A27 /* main.cpp in Sources */ = {isa = PBXBuildFile; fileRef = 9AAE19E116F81487007BC561 /* main.cpp */; };
/* End PBXBuildFile section */

/* Begin PBXContainerItemProxy section */
		9A551F0519116E7E00C388E5 /* PBXContainerItemProxy */ = {
			isa = PBXContainerItemProxy;
			containerPortal = 9A551F0119116E7E00C388E5 /* adobe_source.xcodeproj */;
			proxyType = 2;
			remoteGlobalIDString = D2AAC046055464E500DB518D;
			remoteInfo = adobe_source;
		};
		9A551F401911746600C388E5 /* PBXContainerItemProxy */ = {
			isa = PBXContainerItemProxy;
			containerPortal = 9A551F3C1911746500C388E5 /* double_conversion.xcodeproj */;
			proxyType = 2;
			remoteGlobalIDString = 9A551F0E191173EE00C388E5;
			remoteInfo = "double-conversion";
		};
/* End PBXContainerItemProxy section */

/* Begin PBXCopyFilesBuildPhase section */
		9AAE19DC16F81487007BC561 /* CopyFiles */ = {
			isa = PBXCopyFilesBuildPhase;
			buildActionMask = 2147483647;
			dstPath = /usr/share/man/man1/;
			dstSubfolderSpec = 0;
			files = (
				9AAE19E416F81487007BC561 /* scratch.1 in CopyFiles */,
			);
			runOnlyForDeploymentPostprocessing = 1;
		};
/* End PBXCopyFilesBuildPhase section */

/* Begin PBXFileReference section */
		9A209FCA192D67CA00BF00F4 /* time.cpp */ = {isa = PBXFileReference; fileEncoding = 4; lastKnownFileType = sourcecode.cpp.cpp; path = time.cpp; sourceTree = "<group>"; };
		9A216C451D8763FA006B3840 /* test */ = {isa = PBXFileReference; lastKnownFileType = folder; path = test; sourceTree = "<group>"; };
		9A4E64421C45C42B00ACFE46 /* main.cpp */ = {isa = PBXFileReference; fileEncoding = 4; lastKnownFileType = sourcecode.cpp.cpp; name = main.cpp; path = ../../../stlab/libraries/test/main.cpp; sourceTree = "<group>"; };
		9A551F0119116E7E00C388E5 /* adobe_source.xcodeproj */ = {isa = PBXFileReference; lastKnownFileType = "wrapper.pb-project"; name = adobe_source.xcodeproj; path = ../../stlab/adobe_source_libraries/xcode_ide/adobe_source.xcodeproj; sourceTree = "<group>"; };
		9A551F3C1911746500C388E5 /* double_conversion.xcodeproj */ = {isa = PBXFileReference; lastKnownFileType = "wrapper.pb-project"; name = double_conversion.xcodeproj; path = ../../stlab/adobe_source_libraries/xcode_ide/double_conversion.xcodeproj; sourceTree = "<group>"; };
		9A5FF6261926B70C002D8208 /* LICENSE */ = {isa = PBXFileReference; lastKnownFileType = text; path = LICENSE; sourceTree = "<group>"; };
		9A5FF6271926B70C002D8208 /* README.TXT */ = {isa = PBXFileReference; lastKnownFileType = text; path = README.TXT; sourceTree = "<group>"; };
		9A665DFF191B3FE90002D949 /* object.cpp */ = {isa = PBXFileReference; lastKnownFileType = sourcecode.cpp.cpp; path = object.cpp; sourceTree = "<group>"; };
		9A665E00191B3FE90002D949 /* object_internal.h */ = {isa = PBXFileReference; lastKnownFileType = sourcecode.c.h; path = object_internal.h; sourceTree = "<group>"; };
		9A665E01191B3FE90002D949 /* queue.cpp */ = {isa = PBXFileReference; lastKnownFileType = sourcecode.cpp.cpp; path = queue.cpp; sourceTree = "<group>"; };
		9A97A5D11D99AB11000DE445 /* future.cpp */ = {isa = PBXFileReference; fileEncoding = 4; lastKnownFileType = sourcecode.cpp.cpp; name = future.cpp; path = source/stlab/src/future.cpp; sourceTree = "<group>"; };
		9AAE19DE16F81487007BC561 /* scratch */ = {isa = PBXFileReference; explicitFileType = "compiled.mach-o.executable"; includeInIndex = 0; path = scratch; sourceTree = BUILT_PRODUCTS_DIR; };
		9AAE19E116F81487007BC561 /* main.cpp */ = {isa = PBXFileReference; lastKnownFileType = sourcecode.cpp.cpp; path = main.cpp; sourceTree = "<group>"; };
		9AAE19E316F81487007BC561 /* scratch.1 */ = {isa = PBXFileReference; lastKnownFileType = text.man; path = scratch.1; sourceTree = "<group>"; };
		9AAFC9C21DCD95E100B0A851 /* teststatic.framework */ = {isa = PBXFileReference; lastKnownFileType = wrapper.framework; name = teststatic.framework; path = "test-static/build/Debug/teststatic.framework"; sourceTree = "<group>"; };
		9ABA64E81A05A77700E6E8E6 /* View.xib */ = {isa = PBXFileReference; lastKnownFileType = file.xib; path = View.xib; sourceTree = "<group>"; };
		9ABAFE9F18D1696A00652166 /* objc.mm */ = {isa = PBXFileReference; fileEncoding = 4; lastKnownFileType = sourcecode.cpp.objcpp; path = objc.mm; sourceTree = "<group>"; };
		9ACCBBE31A971B3D00207431 /* source */ = {isa = PBXFileReference; lastKnownFileType = folder; path = source; sourceTree = "<group>"; };
		9ACCBBE41A971B9800207431 /* config.hpp */ = {isa = PBXFileReference; lastKnownFileType = sourcecode.cpp.h; name = config.hpp; path = ../config.hpp; sourceTree = "<group>"; };
		9ACCBBE71A971C8D00207431 /* future.cpp */ = {isa = PBXFileReference; fileEncoding = 4; lastKnownFileType = sourcecode.cpp.cpp; name = future.cpp; path = source/boost/thread/src/future.cpp; sourceTree = "<group>"; };
		9ACCBBE81A971C8D00207431 /* once_atomic.cpp */ = {isa = PBXFileReference; fileEncoding = 4; lastKnownFileType = sourcecode.cpp.cpp; name = once_atomic.cpp; path = source/boost/thread/src/pthread/once_atomic.cpp; sourceTree = "<group>"; };
		9ACCBBE91A971C8D00207431 /* once.cpp */ = {isa = PBXFileReference; fileEncoding = 4; lastKnownFileType = sourcecode.cpp.cpp; name = once.cpp; path = source/boost/thread/src/pthread/once.cpp; sourceTree = "<group>"; };
		9ACCBBEA1A971C8D00207431 /* thread.cpp */ = {isa = PBXFileReference; fileEncoding = 4; lastKnownFileType = sourcecode.cpp.cpp; name = thread.cpp; path = source/boost/thread/src/pthread/thread.cpp; sourceTree = "<group>"; };
		9ACCBBEC1A971C8D00207431 /* tss_null.cpp */ = {isa = PBXFileReference; fileEncoding = 4; lastKnownFileType = sourcecode.cpp.cpp; name = tss_null.cpp; path = source/boost/thread/src/tss_null.cpp; sourceTree = "<group>"; };
		9ACCBBF21A971D0C00207431 /* error_code.cpp */ = {isa = PBXFileReference; fileEncoding = 4; lastKnownFileType = sourcecode.cpp.cpp; name = error_code.cpp; path = source/boost/system/src/error_code.cpp; sourceTree = "<group>"; };
		9AE077F0184D3DC3008C8DB6 /* includes */ = {isa = PBXFileReference; lastKnownFileType = folder; path = includes; sourceTree = "<group>"; };
/* End PBXFileReference section */

/* Begin PBXFrameworksBuildPhase section */
		9AAE19DB16F81487007BC561 /* Frameworks */ = {
			isa = PBXFrameworksBuildPhase;
			buildActionMask = 2147483647;
			files = (
				9AAFC9C31DCD95E200B0A851 /* teststatic.framework in Frameworks */,
			);
			runOnlyForDeploymentPostprocessing = 0;
		};
/* End PBXFrameworksBuildPhase section */

/* Begin PBXGroup section */
		9A551F0219116E7E00C388E5 /* Products */ = {
			isa = PBXGroup;
			children = (
				9A551F0619116E7E00C388E5 /* libadobe_source.a */,
			);
			name = Products;
			sourceTree = "<group>";
		};
		9A551F3D1911746500C388E5 /* Products */ = {
			isa = PBXGroup;
			children = (
				9A551F411911746600C388E5 /* libdouble-conversion.a */,
			);
			name = Products;
			sourceTree = "<group>";
		};
		9A5FF61F1926B70C002D8208 /* libdispatch */ = {
			isa = PBXGroup;
			children = (
				9A665DFE191B3FE80002D949 /* src */,
				9A5FF6261926B70C002D8208 /* LICENSE */,
				9A5FF6271926B70C002D8208 /* README.TXT */,
			);
			name = libdispatch;
			path = ../../../git.corp.adobe.com/sparent/ic_chrome/camera_raw_9_0/camera_raw/libdispatch;
			sourceTree = "<group>";
		};
		9A665DFE191B3FE80002D949 /* src */ = {
			isa = PBXGroup;
			children = (
				9A665DFF191B3FE90002D949 /* object.cpp */,
				9A665E00191B3FE90002D949 /* object_internal.h */,
				9A665E01191B3FE90002D949 /* queue.cpp */,
				9A209FCA192D67CA00BF00F4 /* time.cpp */,
			);
			path = src;
			sourceTree = "<group>";
		};
		9AAE19D516F81487007BC561 = {
			isa = PBXGroup;
			children = (
				9AAFC9C21DCD95E100B0A851 /* teststatic.framework */,
				9A216C451D8763FA006B3840 /* test */,
				9A5FF61F1926B70C002D8208 /* libdispatch */,
				9A551F3C1911746500C388E5 /* double_conversion.xcodeproj */,
				9A551F0119116E7E00C388E5 /* adobe_source.xcodeproj */,
				9AAE19E016F81487007BC561 /* scratch */,
				9ACCBBE51A971C7B00207431 /* src */,
				9ACCBBE31A971B3D00207431 /* source */,
				9AE077F0184D3DC3008C8DB6 /* includes */,
				9AAE19DF16F81487007BC561 /* Products */,
			);
			sourceTree = "<group>";
		};
		9AAE19DF16F81487007BC561 /* Products */ = {
			isa = PBXGroup;
			children = (
				9AAE19DE16F81487007BC561 /* scratch */,
			);
			name = Products;
			sourceTree = "<group>";
		};
		9AAE19E016F81487007BC561 /* scratch */ = {
			isa = PBXGroup;
			children = (
				9ACCBBE41A971B9800207431 /* config.hpp */,
				9AAE19E116F81487007BC561 /* main.cpp */,
				9A4E64421C45C42B00ACFE46 /* main.cpp */,
				9ABAFE9F18D1696A00652166 /* objc.mm */,
				9AAE19E316F81487007BC561 /* scratch.1 */,
				9ABA64E81A05A77700E6E8E6 /* View.xib */,
			);
			path = scratch;
			sourceTree = "<group>";
		};
		9ACCBBE51A971C7B00207431 /* src */ = {
			isa = PBXGroup;
			children = (
				9A97A5D11D99AB11000DE445 /* future.cpp */,
				9ACCBBF21A971D0C00207431 /* error_code.cpp */,
				9ACCBBE71A971C8D00207431 /* future.cpp */,
				9ACCBBE81A971C8D00207431 /* once_atomic.cpp */,
				9ACCBBE91A971C8D00207431 /* once.cpp */,
				9ACCBBEA1A971C8D00207431 /* thread.cpp */,
				9ACCBBEC1A971C8D00207431 /* tss_null.cpp */,
			);
			name = src;
			sourceTree = "<group>";
		};
/* End PBXGroup section */

/* Begin PBXNativeTarget section */
		9AAE19DD16F81487007BC561 /* scratch */ = {
			isa = PBXNativeTarget;
			buildConfigurationList = 9AAE19E716F81487007BC561 /* Build configuration list for PBXNativeTarget "scratch" */;
			buildPhases = (
				9AAE19DA16F81487007BC561 /* Sources */,
				9AAE19DB16F81487007BC561 /* Frameworks */,
				9AAE19DC16F81487007BC561 /* CopyFiles */,
			);
			buildRules = (
			);
			dependencies = (
			);
			name = scratch;
			productName = scratch;
			productReference = 9AAE19DE16F81487007BC561 /* scratch */;
			productType = "com.apple.product-type.tool";
		};
/* End PBXNativeTarget section */

/* Begin PBXProject section */
		9AAE19D616F81487007BC561 /* Project object */ = {
			isa = PBXProject;
			attributes = {
				LastUpgradeCheck = 0800;
				ORGANIZATIONNAME = stlab;
			};
			buildConfigurationList = 9AAE19D916F81487007BC561 /* Build configuration list for PBXProject "scratch" */;
			compatibilityVersion = "Xcode 3.2";
			developmentRegion = English;
			hasScannedForEncodings = 0;
			knownRegions = (
				en,
			);
			mainGroup = 9AAE19D516F81487007BC561;
			productRefGroup = 9AAE19DF16F81487007BC561 /* Products */;
			projectDirPath = "";
			projectReferences = (
				{
					ProductGroup = 9A551F0219116E7E00C388E5 /* Products */;
					ProjectRef = 9A551F0119116E7E00C388E5 /* adobe_source.xcodeproj */;
				},
				{
					ProductGroup = 9A551F3D1911746500C388E5 /* Products */;
					ProjectRef = 9A551F3C1911746500C388E5 /* double_conversion.xcodeproj */;
				},
			);
			projectRoot = "";
			targets = (
				9AAE19DD16F81487007BC561 /* scratch */,
			);
		};
/* End PBXProject section */

/* Begin PBXReferenceProxy section */
		9A551F0619116E7E00C388E5 /* libadobe_source.a */ = {
			isa = PBXReferenceProxy;
			fileType = archive.ar;
			path = libadobe_source.a;
			remoteRef = 9A551F0519116E7E00C388E5 /* PBXContainerItemProxy */;
			sourceTree = BUILT_PRODUCTS_DIR;
		};
		9A551F411911746600C388E5 /* libdouble-conversion.a */ = {
			isa = PBXReferenceProxy;
			fileType = archive.ar;
			path = "libdouble-conversion.a";
			remoteRef = 9A551F401911746600C388E5 /* PBXContainerItemProxy */;
			sourceTree = BUILT_PRODUCTS_DIR;
		};
/* End PBXReferenceProxy section */

/* Begin PBXSourcesBuildPhase section */
		9AAE19DA16F81487007BC561 /* Sources */ = {
			isa = PBXSourcesBuildPhase;
			buildActionMask = 2147483647;
			files = (
				9A97A5D21D99AB11000DE445 /* future.cpp in Sources */,
				9AEAFCB51B1530F800FF6A27 /* main.cpp in Sources */,
				9AA9F04F1E2847ED00DD67D5 /* error_code.cpp in Sources */,
			);
			runOnlyForDeploymentPostprocessing = 0;
		};
/* End PBXSourcesBuildPhase section */

/* Begin XCBuildConfiguration section */
		9AAE19E516F81487007BC561 /* Debug */ = {
			isa = XCBuildConfiguration;
			buildSettings = {
				ALWAYS_SEARCH_USER_PATHS = NO;
				CLANG_CXX_LANGUAGE_STANDARD = "c++14";
				CLANG_CXX_LIBRARY = "libc++";
				CLANG_ENABLE_OBJC_ARC = YES;
				CLANG_WARN_BOOL_CONVERSION = YES;
				CLANG_WARN_CONSTANT_CONVERSION = YES;
				CLANG_WARN_EMPTY_BODY = YES;
				CLANG_WARN_ENUM_CONVERSION = YES;
				CLANG_WARN_INFINITE_RECURSION = YES;
				CLANG_WARN_INT_CONVERSION = YES;
				CLANG_WARN_SUSPICIOUS_MOVE = YES;
				CLANG_WARN_UNREACHABLE_CODE = YES;
				CLANG_WARN__DUPLICATE_METHOD_MATCH = YES;
				COPY_PHASE_STRIP = NO;
				ENABLE_STRICT_OBJC_MSGSEND = YES;
				ENABLE_TESTABILITY = YES;
				GCC_C_LANGUAGE_STANDARD = gnu99;
				GCC_DYNAMIC_NO_PIC = NO;
				GCC_ENABLE_OBJC_EXCEPTIONS = YES;
				GCC_NO_COMMON_BLOCKS = YES;
				GCC_OPTIMIZATION_LEVEL = 0;
				GCC_PREPROCESSOR_DEFINITIONS = (
					"DEBUG=1",
					"$(inherited)",
				);
				GCC_SYMBOLS_PRIVATE_EXTERN = NO;
				GCC_WARN_64_TO_32_BIT_CONVERSION = YES;
				GCC_WARN_ABOUT_RETURN_TYPE = YES;
				GCC_WARN_UNDECLARED_SELECTOR = YES;
				GCC_WARN_UNINITIALIZED_AUTOS = YES;
				GCC_WARN_UNUSED_FUNCTION = YES;
				GCC_WARN_UNUSED_VARIABLE = YES;
				MACOSX_DEPLOYMENT_TARGET = 10.10;
				ONLY_ACTIVE_ARCH = YES;
				OTHER_CPLUSPLUSFLAGS = "$(OTHER_CFLAGS)";
				SDKROOT = macosx;
				VALID_ARCHS = x86_64;
			};
			name = Debug;
		};
		9AAE19E616F81487007BC561 /* Release */ = {
			isa = XCBuildConfiguration;
			buildSettings = {
				ALWAYS_SEARCH_USER_PATHS = NO;
				CLANG_CXX_LANGUAGE_STANDARD = "c++14";
				CLANG_CXX_LIBRARY = "libc++";
				CLANG_ENABLE_OBJC_ARC = YES;
				CLANG_WARN_BOOL_CONVERSION = YES;
				CLANG_WARN_CONSTANT_CONVERSION = YES;
				CLANG_WARN_EMPTY_BODY = YES;
				CLANG_WARN_ENUM_CONVERSION = YES;
				CLANG_WARN_INFINITE_RECURSION = YES;
				CLANG_WARN_INT_CONVERSION = YES;
				CLANG_WARN_SUSPICIOUS_MOVE = YES;
				CLANG_WARN_UNREACHABLE_CODE = YES;
				CLANG_WARN__DUPLICATE_METHOD_MATCH = YES;
				COPY_PHASE_STRIP = YES;
				DEBUG_INFORMATION_FORMAT = "dwarf-with-dsym";
				ENABLE_STRICT_OBJC_MSGSEND = YES;
				GCC_C_LANGUAGE_STANDARD = gnu99;
				GCC_ENABLE_OBJC_EXCEPTIONS = YES;
				GCC_NO_COMMON_BLOCKS = YES;
				GCC_WARN_64_TO_32_BIT_CONVERSION = YES;
				GCC_WARN_ABOUT_RETURN_TYPE = YES;
				GCC_WARN_UNDECLARED_SELECTOR = YES;
				GCC_WARN_UNINITIALIZED_AUTOS = YES;
				GCC_WARN_UNUSED_FUNCTION = YES;
				GCC_WARN_UNUSED_VARIABLE = YES;
				MACOSX_DEPLOYMENT_TARGET = 10.10;
				OTHER_CPLUSPLUSFLAGS = "$(OTHER_CFLAGS)";
				SDKROOT = macosx;
				VALID_ARCHS = x86_64;
			};
			name = Release;
		};
		9AAE19E816F81487007BC561 /* Debug */ = {
			isa = XCBuildConfiguration;
			buildSettings = {
				ALWAYS_SEARCH_USER_PATHS = YES;
				FRAMEWORK_SEARCH_PATHS = (
					"$(inherited)",
					"$(PROJECT_DIR)/test-static/build/Debug",
				);
				GCC_PREFIX_HEADER = config.hpp;
				GCC_WARN_PEDANTIC = YES;
				LIBRARY_SEARCH_PATHS = (
					"$(inherited)",
					"$(SDKROOT)/usr/lib/system/introspection",
					"$(SDKROOT)/usr/lib/system",
				);
				OTHER_CPLUSPLUSFLAGS = (
					"$(OTHER_CFLAGS)",
					"-ftemplate-backtrace-limit=0",
				);
				PRODUCT_NAME = "$(TARGET_NAME)";
				USER_HEADER_SEARCH_PATHS = "\"$(SRCROOT)/includes\"";
				VALID_ARCHS = x86_64;
			};
			name = Debug;
		};
		9AAE19E916F81487007BC561 /* Release */ = {
			isa = XCBuildConfiguration;
			buildSettings = {
				ALWAYS_SEARCH_USER_PATHS = YES;
				FRAMEWORK_SEARCH_PATHS = (
					"$(inherited)",
					"$(PROJECT_DIR)/test-static/build/Debug",
				);
				GCC_OPTIMIZATION_LEVEL = 3;
				GCC_PREFIX_HEADER = config.hpp;
				GCC_WARN_PEDANTIC = YES;
				LIBRARY_SEARCH_PATHS = (
					"$(inherited)",
					"$(SDKROOT)/usr/lib/system/introspection",
					"$(SDKROOT)/usr/lib/system",
				);
				OTHER_CPLUSPLUSFLAGS = (
					"$(OTHER_CFLAGS)",
					"-ftemplate-backtrace-limit=0",
				);
				PRODUCT_NAME = "$(TARGET_NAME)";
				USER_HEADER_SEARCH_PATHS = "\"$(SRCROOT)/includes\"";
				VALID_ARCHS = x86_64;
			};
			name = Release;
		};
/* End XCBuildConfiguration section */

/* Begin XCConfigurationList section */
		9AAE19D916F81487007BC561 /* Build configuration list for PBXProject "scratch" */ = {
			isa = XCConfigurationList;
			buildConfigurations = (
				9AAE19E516F81487007BC561 /* Debug */,
				9AAE19E616F81487007BC561 /* Release */,
			);
			defaultConfigurationIsVisible = 0;
			defaultConfigurationName = Release;
		};
		9AAE19E716F81487007BC561 /* Build configuration list for PBXNativeTarget "scratch" */ = {
			isa = XCConfigurationList;
			buildConfigurations = (
				9AAE19E816F81487007BC561 /* Debug */,
				9AAE19E916F81487007BC561 /* Release */,
			);
			defaultConfigurationIsVisible = 0;
			defaultConfigurationName = Release;
		};
/* End XCConfigurationList section */
	};
	rootObject = 9AAE19D616F81487007BC561 /* Project object */;
}
