// !$*UTF8*$!
{
	archiveVersion = 1;
	classes = {
	};
	objectVersion = 48;
	objects = {

/* Begin PBXBuildFile section */
		9A51AB001F9EF228001A9659 /* AppDelegate.m in Sources */ = {isa = PBXBuildFile; fileRef = 9A51AAFF1F9EF228001A9659 /* AppDelegate.m */; };
		9A51AB031F9EF228001A9659 /* ViewController.mm in Sources */ = {isa = PBXBuildFile; fileRef = 9A51AB021F9EF228001A9659 /* ViewController.mm */; };
		9A51AB061F9EF228001A9659 /* Main.storyboard in Resources */ = {isa = PBXBuildFile; fileRef = 9A51AB041F9EF228001A9659 /* Main.storyboard */; };
		9A51AB081F9EF228001A9659 /* Assets.xcassets in Resources */ = {isa = PBXBuildFile; fileRef = 9A51AB071F9EF228001A9659 /* Assets.xcassets */; };
		9A51AB0B1F9EF228001A9659 /* LaunchScreen.storyboard in Resources */ = {isa = PBXBuildFile; fileRef = 9A51AB091F9EF228001A9659 /* LaunchScreen.storyboard */; };
		9A51AB0E1F9EF228001A9659 /* main.m in Sources */ = {isa = PBXBuildFile; fileRef = 9A51AB0D1F9EF228001A9659 /* main.m */; };
/* End PBXBuildFile section */

/* Begin PBXFileReference section */
		9A3253831FAADE5D000B30EE /* includes */ = {isa = PBXFileReference; lastKnownFileType = folder; name = includes; path = ../includes; sourceTree = "<group>"; };
		9A51AAFB1F9EF228001A9659 /* implies.app */ = {isa = PBXFileReference; explicitFileType = wrapper.application; includeInIndex = 0; path = implies.app; sourceTree = BUILT_PRODUCTS_DIR; };
		9A51AAFE1F9EF228001A9659 /* AppDelegate.h */ = {isa = PBXFileReference; lastKnownFileType = sourcecode.c.h; path = AppDelegate.h; sourceTree = "<group>"; };
		9A51AAFF1F9EF228001A9659 /* AppDelegate.m */ = {isa = PBXFileReference; lastKnownFileType = sourcecode.c.objc; path = AppDelegate.m; sourceTree = "<group>"; };
		9A51AB011F9EF228001A9659 /* ViewController.h */ = {isa = PBXFileReference; lastKnownFileType = sourcecode.c.h; path = ViewController.h; sourceTree = "<group>"; };
		9A51AB021F9EF228001A9659 /* ViewController.mm */ = {isa = PBXFileReference; lastKnownFileType = sourcecode.cpp.objcpp; path = ViewController.mm; sourceTree = "<group>"; };
		9A51AB051F9EF228001A9659 /* Base */ = {isa = PBXFileReference; lastKnownFileType = file.storyboard; name = Base; path = Base.lproj/Main.storyboard; sourceTree = "<group>"; };
		9A51AB071F9EF228001A9659 /* Assets.xcassets */ = {isa = PBXFileReference; lastKnownFileType = folder.assetcatalog; path = Assets.xcassets; sourceTree = "<group>"; };
		9A51AB0A1F9EF228001A9659 /* Base */ = {isa = PBXFileReference; lastKnownFileType = file.storyboard; name = Base; path = Base.lproj/LaunchScreen.storyboard; sourceTree = "<group>"; };
		9A51AB0C1F9EF228001A9659 /* Info.plist */ = {isa = PBXFileReference; lastKnownFileType = text.plist.xml; path = Info.plist; sourceTree = "<group>"; };
		9A51AB0D1F9EF228001A9659 /* main.m */ = {isa = PBXFileReference; lastKnownFileType = sourcecode.c.objc; path = main.m; sourceTree = "<group>"; };
/* End PBXFileReference section */

/* Begin PBXFrameworksBuildPhase section */
		9A51AAF81F9EF228001A9659 /* Frameworks */ = {
			isa = PBXFrameworksBuildPhase;
			buildActionMask = 2147483647;
			files = (
			);
			runOnlyForDeploymentPostprocessing = 0;
		};
/* End PBXFrameworksBuildPhase section */

/* Begin PBXGroup section */
		9A51AAF21F9EF228001A9659 = {
			isa = PBXGroup;
			children = (
				9A51AAFD1F9EF228001A9659 /* implies */,
				9A51AAFC1F9EF228001A9659 /* Products */,
				9A3253831FAADE5D000B30EE /* includes */,
			);
			sourceTree = "<group>";
		};
		9A51AAFC1F9EF228001A9659 /* Products */ = {
			isa = PBXGroup;
			children = (
				9A51AAFB1F9EF228001A9659 /* implies.app */,
			);
			name = Products;
			sourceTree = "<group>";
		};
		9A51AAFD1F9EF228001A9659 /* implies */ = {
			isa = PBXGroup;
			children = (
				9A51AAFE1F9EF228001A9659 /* AppDelegate.h */,
				9A51AAFF1F9EF228001A9659 /* AppDelegate.m */,
				9A51AB011F9EF228001A9659 /* ViewController.h */,
				9A51AB021F9EF228001A9659 /* ViewController.mm */,
				9A51AB041F9EF228001A9659 /* Main.storyboard */,
				9A51AB071F9EF228001A9659 /* Assets.xcassets */,
				9A51AB091F9EF228001A9659 /* LaunchScreen.storyboard */,
				9A51AB0C1F9EF228001A9659 /* Info.plist */,
				9A51AB0D1F9EF228001A9659 /* main.m */,
			);
			path = implies;
			sourceTree = "<group>";
		};
/* End PBXGroup section */

/* Begin PBXNativeTarget section */
		9A51AAFA1F9EF228001A9659 /* implies */ = {
			isa = PBXNativeTarget;
			buildConfigurationList = 9A51AB111F9EF228001A9659 /* Build configuration list for PBXNativeTarget "implies" */;
			buildPhases = (
				9A51AAF71F9EF228001A9659 /* Sources */,
				9A51AAF81F9EF228001A9659 /* Frameworks */,
				9A51AAF91F9EF228001A9659 /* Resources */,
			);
			buildRules = (
			);
			dependencies = (
			);
			name = implies;
			productName = implies;
			productReference = 9A51AAFB1F9EF228001A9659 /* implies.app */;
			productType = "com.apple.product-type.application";
		};
/* End PBXNativeTarget section */

/* Begin PBXProject section */
		9A51AAF31F9EF228001A9659 /* Project object */ = {
			isa = PBXProject;
			attributes = {
				LastUpgradeCheck = 0900;
				ORGANIZATIONNAME = "Sean Parent";
				TargetAttributes = {
					9A51AAFA1F9EF228001A9659 = {
						CreatedOnToolsVersion = 9.0.1;
						ProvisioningStyle = Automatic;
					};
				};
			};
			buildConfigurationList = 9A51AAF61F9EF228001A9659 /* Build configuration list for PBXProject "implies" */;
			compatibilityVersion = "Xcode 8.0";
			developmentRegion = en;
			hasScannedForEncodings = 0;
			knownRegions = (
				en,
				Base,
			);
			mainGroup = 9A51AAF21F9EF228001A9659;
			productRefGroup = 9A51AAFC1F9EF228001A9659 /* Products */;
			projectDirPath = "";
			projectRoot = "";
			targets = (
				9A51AAFA1F9EF228001A9659 /* implies */,
			);
		};
/* End PBXProject section */

/* Begin PBXResourcesBuildPhase section */
		9A51AAF91F9EF228001A9659 /* Resources */ = {
			isa = PBXResourcesBuildPhase;
			buildActionMask = 2147483647;
			files = (
				9A51AB0B1F9EF228001A9659 /* LaunchScreen.storyboard in Resources */,
				9A51AB081F9EF228001A9659 /* Assets.xcassets in Resources */,
				9A51AB061F9EF228001A9659 /* Main.storyboard in Resources */,
			);
			runOnlyForDeploymentPostprocessing = 0;
		};
/* End PBXResourcesBuildPhase section */

/* Begin PBXSourcesBuildPhase section */
		9A51AAF71F9EF228001A9659 /* Sources */ = {
			isa = PBXSourcesBuildPhase;
			buildActionMask = 2147483647;
			files = (
				9A51AB031F9EF228001A9659 /* ViewController.mm in Sources */,
				9A51AB0E1F9EF228001A9659 /* main.m in Sources */,
				9A51AB001F9EF228001A9659 /* AppDelegate.m in Sources */,
			);
			runOnlyForDeploymentPostprocessing = 0;
		};
/* End PBXSourcesBuildPhase section */

/* Begin PBXVariantGroup section */
		9A51AB041F9EF228001A9659 /* Main.storyboard */ = {
			isa = PBXVariantGroup;
			children = (
				9A51AB051F9EF228001A9659 /* Base */,
			);
			name = Main.storyboard;
			sourceTree = "<group>";
		};
		9A51AB091F9EF228001A9659 /* LaunchScreen.storyboard */ = {
			isa = PBXVariantGroup;
			children = (
				9A51AB0A1F9EF228001A9659 /* Base */,
			);
			name = LaunchScreen.storyboard;
			sourceTree = "<group>";
		};
/* End PBXVariantGroup section */

/* Begin XCBuildConfiguration section */
		9A51AB0F1F9EF228001A9659 /* Debug */ = {
			isa = XCBuildConfiguration;
			buildSettings = {
				ALWAYS_SEARCH_USER_PATHS = NO;
				CLANG_ANALYZER_NONNULL = YES;
				CLANG_ANALYZER_NUMBER_OBJECT_CONVERSION = YES_AGGRESSIVE;
				CLANG_CXX_LANGUAGE_STANDARD = "c++17";
				CLANG_CXX_LIBRARY = "libc++";
				CLANG_ENABLE_MODULES = YES;
				CLANG_ENABLE_OBJC_ARC = YES;
				CLANG_WARN_BLOCK_CAPTURE_AUTORELEASING = YES;
				CLANG_WARN_BOOL_CONVERSION = YES;
				CLANG_WARN_COMMA = YES;
				CLANG_WARN_CONSTANT_CONVERSION = YES;
				CLANG_WARN_DIRECT_OBJC_ISA_USAGE = YES_ERROR;
				CLANG_WARN_DOCUMENTATION_COMMENTS = YES;
				CLANG_WARN_EMPTY_BODY = YES;
				CLANG_WARN_ENUM_CONVERSION = YES;
				CLANG_WARN_INFINITE_RECURSION = YES;
				CLANG_WARN_INT_CONVERSION = YES;
				CLANG_WARN_NON_LITERAL_NULL_CONVERSION = YES;
				CLANG_WARN_OBJC_LITERAL_CONVERSION = YES;
				CLANG_WARN_OBJC_ROOT_CLASS = YES_ERROR;
				CLANG_WARN_RANGE_LOOP_ANALYSIS = YES;
				CLANG_WARN_STRICT_PROTOTYPES = YES;
				CLANG_WARN_SUSPICIOUS_MOVE = YES;
				CLANG_WARN_UNGUARDED_AVAILABILITY = YES_AGGRESSIVE;
				CLANG_WARN_UNREACHABLE_CODE = YES;
				CLANG_WARN__DUPLICATE_METHOD_MATCH = YES;
				CODE_SIGN_IDENTITY = "iPhone Developer";
				COPY_PHASE_STRIP = NO;
				DEBUG_INFORMATION_FORMAT = dwarf;
				ENABLE_STRICT_OBJC_MSGSEND = YES;
				ENABLE_TESTABILITY = YES;
				GCC_C_LANGUAGE_STANDARD = gnu11;
				GCC_DYNAMIC_NO_PIC = NO;
				GCC_NO_COMMON_BLOCKS = YES;
				GCC_OPTIMIZATION_LEVEL = 0;
				GCC_PREPROCESSOR_DEFINITIONS = (
					"DEBUG=1",
					"$(inherited)",
				);
				GCC_WARN_64_TO_32_BIT_CONVERSION = YES;
				GCC_WARN_ABOUT_RETURN_TYPE = YES_ERROR;
				GCC_WARN_UNDECLARED_SELECTOR = YES;
				GCC_WARN_UNINITIALIZED_AUTOS = YES_AGGRESSIVE;
				GCC_WARN_UNUSED_FUNCTION = YES;
				GCC_WARN_UNUSED_VARIABLE = YES;
				HEADER_SEARCH_PATHS = "\"$(SRCROOT)/../includes\"";
				IPHONEOS_DEPLOYMENT_TARGET = 11.0;
				MTL_ENABLE_DEBUG_INFO = YES;
				ONLY_ACTIVE_ARCH = YES;
				SDKROOT = iphoneos;
			};
			name = Debug;
		};
		9A51AB101F9EF228001A9659 /* Release */ = {
			isa = XCBuildConfiguration;
			buildSettings = {
				ALWAYS_SEARCH_USER_PATHS = NO;
				CLANG_ANALYZER_NONNULL = YES;
				CLANG_ANALYZER_NUMBER_OBJECT_CONVERSION = YES_AGGRESSIVE;
				CLANG_CXX_LANGUAGE_STANDARD = "c++17";
				CLANG_CXX_LIBRARY = "libc++";
				CLANG_ENABLE_MODULES = YES;
				CLANG_ENABLE_OBJC_ARC = YES;
				CLANG_WARN_BLOCK_CAPTURE_AUTORELEASING = YES;
				CLANG_WARN_BOOL_CONVERSION = YES;
				CLANG_WARN_COMMA = YES;
				CLANG_WARN_CONSTANT_CONVERSION = YES;
				CLANG_WARN_DIRECT_OBJC_ISA_USAGE = YES_ERROR;
				CLANG_WARN_DOCUMENTATION_COMMENTS = YES;
				CLANG_WARN_EMPTY_BODY = YES;
				CLANG_WARN_ENUM_CONVERSION = YES;
				CLANG_WARN_INFINITE_RECURSION = YES;
				CLANG_WARN_INT_CONVERSION = YES;
				CLANG_WARN_NON_LITERAL_NULL_CONVERSION = YES;
				CLANG_WARN_OBJC_LITERAL_CONVERSION = YES;
				CLANG_WARN_OBJC_ROOT_CLASS = YES_ERROR;
				CLANG_WARN_RANGE_LOOP_ANALYSIS = YES;
				CLANG_WARN_STRICT_PROTOTYPES = YES;
				CLANG_WARN_SUSPICIOUS_MOVE = YES;
				CLANG_WARN_UNGUARDED_AVAILABILITY = YES_AGGRESSIVE;
				CLANG_WARN_UNREACHABLE_CODE = YES;
				CLANG_WARN__DUPLICATE_METHOD_MATCH = YES;
				CODE_SIGN_IDENTITY = "iPhone Developer";
				COPY_PHASE_STRIP = NO;
				DEBUG_INFORMATION_FORMAT = "dwarf-with-dsym";
				ENABLE_NS_ASSERTIONS = NO;
				ENABLE_STRICT_OBJC_MSGSEND = YES;
				GCC_C_LANGUAGE_STANDARD = gnu11;
				GCC_NO_COMMON_BLOCKS = YES;
				GCC_WARN_64_TO_32_BIT_CONVERSION = YES;
				GCC_WARN_ABOUT_RETURN_TYPE = YES_ERROR;
				GCC_WARN_UNDECLARED_SELECTOR = YES;
				GCC_WARN_UNINITIALIZED_AUTOS = YES_AGGRESSIVE;
				GCC_WARN_UNUSED_FUNCTION = YES;
				GCC_WARN_UNUSED_VARIABLE = YES;
				HEADER_SEARCH_PATHS = "\"$(SRCROOT)/../includes\"";
				IPHONEOS_DEPLOYMENT_TARGET = 11.0;
				MTL_ENABLE_DEBUG_INFO = NO;
				SDKROOT = iphoneos;
				VALIDATE_PRODUCT = YES;
			};
			name = Release;
		};
		9A51AB121F9EF228001A9659 /* Debug */ = {
			isa = XCBuildConfiguration;
			buildSettings = {
				ASSETCATALOG_COMPILER_APPICON_NAME = AppIcon;
				CODE_SIGN_STYLE = Automatic;
				DEVELOPMENT_TEAM = FK4J494FSF;
				INFOPLIST_FILE = implies/Info.plist;
				LD_RUNPATH_SEARCH_PATHS = "$(inherited) @executable_path/Frameworks";
				PRODUCT_BUNDLE_IDENTIFIER = cc.stlab.implies;
				PRODUCT_NAME = "$(TARGET_NAME)";
				TARGETED_DEVICE_FAMILY = "1,2";
			};
			name = Debug;
		};
		9A51AB131F9EF228001A9659 /* Release */ = {
			isa = XCBuildConfiguration;
			buildSettings = {
				ASSETCATALOG_COMPILER_APPICON_NAME = AppIcon;
				CODE_SIGN_STYLE = Automatic;
				DEVELOPMENT_TEAM = FK4J494FSF;
				INFOPLIST_FILE = implies/Info.plist;
				LD_RUNPATH_SEARCH_PATHS = "$(inherited) @executable_path/Frameworks";
				PRODUCT_BUNDLE_IDENTIFIER = cc.stlab.implies;
				PRODUCT_NAME = "$(TARGET_NAME)";
				TARGETED_DEVICE_FAMILY = "1,2";
			};
			name = Release;
		};
/* End XCBuildConfiguration section */

/* Begin XCConfigurationList section */
		9A51AAF61F9EF228001A9659 /* Build configuration list for PBXProject "implies" */ = {
			isa = XCConfigurationList;
			buildConfigurations = (
				9A51AB0F1F9EF228001A9659 /* Debug */,
				9A51AB101F9EF228001A9659 /* Release */,
			);
			defaultConfigurationIsVisible = 0;
			defaultConfigurationName = Release;
		};
		9A51AB111F9EF228001A9659 /* Build configuration list for PBXNativeTarget "implies" */ = {
			isa = XCConfigurationList;
			buildConfigurations = (
				9A51AB121F9EF228001A9659 /* Debug */,
				9A51AB131F9EF228001A9659 /* Release */,
			);
			defaultConfigurationIsVisible = 0;
			defaultConfigurationName = Release;
		};
/* End XCConfigurationList section */
	};
	rootObject = 9A51AAF31F9EF228001A9659 /* Project object */;
}
